
Microsoft Visual Studio Solution File, Format Version 12.00
# Visual Studio Version 16
VisualStudioVersion = 16.0.810.21
MinimumVisualStudioVersion = 10.0.40219.1
Project("{FAE04EC0-301F-11D3-BF4B-00C04F79EFBC}") = "EcommerceMVC", "EcommerceMVC\EcommerceMVC.csproj", "{89C114DB-D53B-4301-B9AB-223B6AB02886}"
EndProject
Project("{FAE04EC0-301F-11D3-BF4B-00C04F79EFBC}") = "EcommerceData", "EcommerceData\EcommerceData.csproj", "{CF253BC6-8276-426E-9BA7-85F86D1B05BF}"
EndProject
Global
	GlobalSection(SolutionConfigurationPlatforms) = preSolution
		Debug|Any CPU = Debug|Any CPU
		Release|Any CPU = Release|Any CPU
	EndGlobalSection
	GlobalSection(ProjectConfigurationPlatforms) = postSolution
		{89C114DB-D53B-4301-B9AB-223B6AB02886}.Debug|Any CPU.ActiveCfg = Debug|Any CPU
		{89C114DB-D53B-4301-B9AB-223B6AB02886}.Debug|Any CPU.Build.0 = Debug|Any CPU
		{89C114DB-D53B-4301-B9AB-223B6AB02886}.Release|Any CPU.ActiveCfg = Release|Any CPU
		{89C114DB-D53B-4301-B9AB-223B6AB02886}.Release|Any CPU.Build.0 = Release|Any CPU
		{CF253BC6-8276-426E-9BA7-85F86D1B05BF}.Debug|Any CPU.ActiveCfg = Debug|Any CPU
		{CF253BC6-8276-426E-9BA7-85F86D1B05BF}.Debug|Any CPU.Build.0 = Debug|Any CPU
		{CF253BC6-8276-426E-9BA7-85F86D1B05BF}.Release|Any CPU.ActiveCfg = Release|Any CPU
		{CF253BC6-8276-426E-9BA7-85F86D1B05BF}.Release|Any CPU.Build.0 = Release|Any CPU
	EndGlobalSection
	GlobalSection(SolutionProperties) = preSolution
		HideSolutionNode = FALSE
	EndGlobalSection
	GlobalSection(ExtensibilityGlobals) = postSolution
		SolutionGuid = {73CBABE4-74CB-43C0-B4A5-269D324D73AA}
	EndGlobalSection
EndGlobal
